{
  "name": "cluecumber",
  "version": "1.0.0",
  "lockfileVersion": 1,
  "requires": true,
  "dependencies": {
    "cep-spy": {
      "version": "1.1.1",
      "resolved": "https://registry.npmjs.org/cep-spy/-/cep-spy-1.1.1.tgz",
      "integrity": "sha512-atdaLVt9OmHcQ67VPlhiMVzzn+dFdoJP62iKm5ZmjKkjXGo09miBNi2J1rwu+ZL6JxN/nQxzOXC8MHHB9TFygA=="
    }
  }
}
